{
  "name": "claude-micro-bridge",
  "version": "0.1.0",
  "lockfileVersion": 3,
  "requires": true,
  "packages": {
    "": {
      "name": "claude-micro-bridge",
      "version": "0.1.0",
      "dependencies": {
        "node-hid": "^3.2.0"
      }
    },
    "node_modules/node-addon-api": {
      "version": "8.9.0",
      "resolved": "https://registry.npmjs.org/node-addon-api/-/node-addon-api-8.9.0.tgz",
      "integrity": "sha512-ekZMeaaIzSQTSpr7X2X3iJM7lTzgnx8ahAG9pJfT/7+14mlEM8ZYQ9cgCDvSSRbReFK0oHli3WrZdCiRsgAT9Q==",
      "engines": {
        "node": "^18 || ^20 || >= 21"
      }
    },
    "node_modules/node-hid": {
      "version": "3.4.0",
      "resolved": "https://registry.npmjs.org/node-hid/-/node-hid-3.4.0.tgz",
      "integrity": "sha512-Br7EO3bJARAJBdtcsGzF/Vs5TjfbkaMdglqLQ+Rk9GOGgVqv5DxYUVH5znLerJU+OfBWw8sd552Ujcprz1bG9g==",
      "hasInstallScript": true,
      "dependencies": {
        "node-addon-api": "^8.9.0",
        "pkg-prebuilds": "^1.1.0"
      },
      "bin": {
        "hid-showdevices": "src/show-devices.js"
      },
      "engines": {
        "node": ">=10.16"
      }
    },
    "node_modules/pkg-prebuilds": {
      "version": "1.1.0",
      "resolved": "https://registry.npmjs.org/pkg-prebuilds/-/pkg-prebuilds-1.1.0.tgz",
      "integrity": "sha512-jyai+KTQ2OwbN6iRYw88XbYOMgtpoSYJpjYebx7d9ihqz3txNi3ucsBt3va0iVWe6svSlaqpijMHFF/eJCMZzg==",
      "bin": {
        "pkg-prebuilds-copy": "bin/copy.mjs",
        "pkg-prebuilds-verify": "bin/verify.mjs"
      },
      "engines": {
        "node": ">= 14.15.0"
      }
    }
  }
}
