lockfileVersion: '9.0'

settings:
  autoInstallPeers: true
  excludeLinksFromLockfile: false

importers:

  .: {}

  packages/bridge:
    dependencies:
      codex-micro-protocol:
        specifier: workspace:*
        version: link:../protocol
      node-hid:
        specifier: ^3.2.0
        version: 3.4.0

  packages/protocol: {}

packages:

  node-addon-api@8.9.0:
    resolution: {integrity: sha512-ekZMeaaIzSQTSpr7X2X3iJM7lTzgnx8ahAG9pJfT/7+14mlEM8ZYQ9cgCDvSSRbReFK0oHli3WrZdCiRsgAT9Q==}
    engines: {node: ^18 || ^20 || >= 21}

  node-hid@3.4.0:
    resolution: {integrity: sha512-Br7EO3bJARAJBdtcsGzF/Vs5TjfbkaMdglqLQ+Rk9GOGgVqv5DxYUVH5znLerJU+OfBWw8sd552Ujcprz1bG9g==}
    engines: {node: '>=10.16'}
    hasBin: true

  pkg-prebuilds@1.1.0:
    resolution: {integrity: sha512-jyai+KTQ2OwbN6iRYw88XbYOMgtpoSYJpjYebx7d9ihqz3txNi3ucsBt3va0iVWe6svSlaqpijMHFF/eJCMZzg==}
    engines: {node: '>= 14.15.0'}
    hasBin: true

snapshots:

  node-addon-api@8.9.0: {}

  node-hid@3.4.0:
    dependencies:
      node-addon-api: 8.9.0
      pkg-prebuilds: 1.1.0

  pkg-prebuilds@1.1.0: {}
